github.com/BurntSushi/toml v1.4.0 h1:kuoIxZQy2WRRk1pttg9asf+WVv6tWQuBNVmK8+nqPr0=
github.com/BurntSushi/toml v1.4.0/go.mod h1:ukJfTF/6rtPPRCnwkur4qwRxa8vTRFBF0uk2lLoLwho=
github.com/go-chi/chi/v5 v5.1.0 h1:acVI1TYaD+hhedDJ3r54HyA6sExp3HfXq7QWEEY/xMw=
github.com/go-chi/chi/v5 v5.1.0/go.mod h1:DslCQbL2OYiznFReuXYUmQ2hGd1aDpCnlMNITLSKoi8=
github.com/mishankov/go-utlz v0.0.3 h1:iSrGlCeJ8La5M9oFuELQ1AIA6W/nWxilfA7bjiP2hoE=
github.com/mishankov/go-utlz v0.0.3/go.mod h1:ioIgxxn/MMg+7AWli68mApcJXXpaDQ6790Hu0tQFV6E=
